<?xml version="1.0" encoding="utf-8"?>
<Project ToolsVersion="17.0" xmlns="http://schemas.microsoft.com/developer/msbuild/2003">
  <ItemGroup>
    <CustomBuild Include="J:\Shep\assets\.keepme" />
    <CustomBuild Include="J:\Shep\assets\gfx\space.png">
      <Filter>Resources</Filter>
    </CustomBuild>
    <CustomBuild Include="J:\Shep\assets\sounds\Explosions1.wav" />
    <CustomBuild Include="J:\Shep\assets\sounds\Laser_Shoot11.wav" />
    <CustomBuild Include="J:\Shep\assets\sounds\bg-music.wav" />
    <CustomBuild Include="J:\Shep\assets\sounds\lose9.wav" />
    <CustomBuild Include="J:\Shep\assets\sounds\thruster.wav" />
    <CustomBuild Include="J:\Shep\CMakeFiles\423cb407a86443feea4069790b6418e7\copy_data.rule">
      <Filter>CMake Rules</Filter>
    </CustomBuild>
    <CustomBuild Include="J:\Shep\CMakeLists.txt" />
  </ItemGroup>
  <ItemGroup>
    <None Include="J:\Shep\CMakeFiles\copy_data" />
  </ItemGroup>
  <ItemGroup>
    <Filter Include="CMake Rules">
      <UniqueIdentifier>{7F87A6C2-806B-34A5-A065-47C9DCE31FF3}</UniqueIdentifier>
    </Filter>
    <Filter Include="Resources">
      <UniqueIdentifier>{394A8A38-C3AA-3E5D-A711-64C8F2B990EC}</UniqueIdentifier>
    </Filter>
  </ItemGroup>
</Project>
