<?xml version="1.0" encoding="utf-8"?>
<Project ToolsVersion="17.0" xmlns="http://schemas.microsoft.com/developer/msbuild/2003">
  <ItemGroup>
    <ClCompile Include="J:\Shep\src\main.cpp">
      <Filter>Source Files</Filter>
    </ClCompile>
    <ClCompile Include="J:\Shep\src\olcPGEX_MiniAudio.cpp">
      <Filter>Source Files</Filter>
    </ClCompile>
    <ClCompile Include="J:\Shep\src\olcPixelGameEngine.cpp">
      <Filter>Source Files</Filter>
    </ClCompile>
    <ClCompile Include="util.cpp">
      <Filter>Source Files</Filter>
    </ClCompile>
  </ItemGroup>
  <ItemGroup>
    <CustomBuild Include="J:\Shep\CMakeLists.txt" />
  </ItemGroup>
  <ItemGroup>
    <Filter Include="Source Files">
      <UniqueIdentifier>{A82673E5-F5F2-3F70-A0C3-48F1497712FD}</UniqueIdentifier>
    </Filter>
    <Filter Include="Header Files">
      <UniqueIdentifier>{7e52ea5d-4b03-4ec0-80f8-5dd9e7638d96}</UniqueIdentifier>
    </Filter>
  </ItemGroup>
  <ItemGroup>
    <ClInclude Include="include\olcPGEX_Graphics3D.h">
      <Filter>Header Files</Filter>
    </ClInclude>
    <ClInclude Include="include\olcPGEX_MiniAudio.h">
      <Filter>Header Files</Filter>
    </ClInclude>
    <ClInclude Include="include\olcPixelGameEngine.h">
      <Filter>Header Files</Filter>
    </ClInclude>
    <ClInclude Include="include\olcUTIL_Geometry2D.h">
      <Filter>Header Files</Filter>
    </ClInclude>
    <ClInclude Include="include\miniaudio.h">
      <Filter>Header Files</Filter>
    </ClInclude>
    <ClInclude Include="util.h">
      <Filter>Header Files</Filter>
    </ClInclude>
  </ItemGroup>
</Project>