<?xml version="1.0" encoding="utf-8"?>
<Project ToolsVersion="17.0" xmlns="http://schemas.microsoft.com/developer/msbuild/2003">
  <ItemGroup>
    <ClCompile Include="J:\Shep\main.cpp">
      <Filter>Source Files</Filter>
    </ClCompile>
    <ClCompile Include="J:\Shep\olcPGEX_MiniAudio.cpp">
      <Filter>Source Files</Filter>
    </ClCompile>
    <ClCompile Include="J:\Shep\olcPixelGameEngine.cpp">
      <Filter>Source Files</Filter>
    </ClCompile>
    <ClCompile Include="J:\Shep\util.cpp">
      <Filter>Source Files</Filter>
    </ClCompile>
  </ItemGroup>
  <ItemGroup>
    <CustomBuild Include="J:\Shep\CMakeLists.txt" />
  </ItemGroup>
  <ItemGroup>
    <Filter Include="Source Files">
      <UniqueIdentifier>{A82673E5-F5F2-3F70-A0C3-48F1497712FD}</UniqueIdentifier>
    </Filter>
    <Filter Include="Header Files">
      <UniqueIdentifier>{c019f2bc-ebf4-4657-b406-b0fff48cfacc}</UniqueIdentifier>
    </Filter>
  </ItemGroup>
  <ItemGroup>
    <ClInclude Include="miniaudio.h">
      <Filter>Header Files</Filter>
    </ClInclude>
    <ClInclude Include="olcPGEX_Graphics3D.h">
      <Filter>Header Files</Filter>
    </ClInclude>
    <ClInclude Include="olcPGEX_MiniAudio.h">
      <Filter>Header Files</Filter>
    </ClInclude>
    <ClInclude Include="olcPixelGameEngine.h">
      <Filter>Header Files</Filter>
    </ClInclude>
    <ClInclude Include="olcUTIL_Geometry2D.h">
      <Filter>Header Files</Filter>
    </ClInclude>
    <ClInclude Include="util.h">
      <Filter>Header Files</Filter>
    </ClInclude>
  </ItemGroup>
</Project>